Microsoft Visual Studio Solution File, Format Version 12.00
# Visual Studio Version 17
VisualStudioVersion = 17.5.2.0
MinimumVisualStudioVersion = 10.0.40219.1
Project("{FAE04EC0-301F-11D3-BF4B-00C04F79EFBC}") = "UmbrellaToolsKit", "UmbrellaToolsKit.csproj", "{979FB41B-9696-9F0E-4983-FBB460A40814}"
EndProject
Global
	GlobalSection(SolutionConfigurationPlatforms) = preSolution
		Debug|Any CPU = Debug|Any CPU
		Release|Any CPU = Release|Any CPU
	EndGlobalSection
	GlobalSection(ProjectConfigurationPlatforms) = postSolution
		{979FB41B-9696-9F0E-4983-FBB460A40814}.Debug|Any CPU.ActiveCfg = Debug|Any CPU
		{979FB41B-9696-9F0E-4983-FBB460A40814}.Debug|Any CPU.Build.0 = Debug|Any CPU
		{979FB41B-9696-9F0E-4983-FBB460A40814}.Release|Any CPU.ActiveCfg = Release|Any CPU
		{979FB41B-9696-9F0E-4983-FBB460A40814}.Release|Any CPU.Build.0 = Release|Any CPU
	EndGlobalSection
	GlobalSection(SolutionProperties) = preSolution
		HideSolutionNode = FALSE
	EndGlobalSection
	GlobalSection(ExtensibilityGlobals) = postSolution
		SolutionGuid = {61EB7F9F-9F85-40CA-AA23-F0081F771E3C}
	EndGlobalSection
EndGlobal
