
Microsoft Visual Studio Solution File, Format Version 12.00
# Visual Studio Version 16
VisualStudioVersion = 16.0.30907.101
MinimumVisualStudioVersion = 10.0.40219.1
Project("{FAE04EC0-301F-11D3-BF4B-00C04F79EFBC}") = "MonoGame.ContentPipeline.UmbrellaToolsKit", "MonoGame.ContentPipeline.UmbrellaToolsKit.csproj", "{21D3CD51-F3EF-49FE-80FF-1E9BE273DB94}"
EndProject
Global
	GlobalSection(SolutionConfigurationPlatforms) = preSolution
		Debug|Any CPU = Debug|Any CPU
		Release|Any CPU = Release|Any CPU
	EndGlobalSection
	GlobalSection(ProjectConfigurationPlatforms) = postSolution
		{21D3CD51-F3EF-49FE-80FF-1E9BE273DB94}.Debug|Any CPU.ActiveCfg = Debug|Any CPU
		{21D3CD51-F3EF-49FE-80FF-1E9BE273DB94}.Debug|Any CPU.Build.0 = Debug|Any CPU
		{21D3CD51-F3EF-49FE-80FF-1E9BE273DB94}.Release|Any CPU.ActiveCfg = Release|Any CPU
		{21D3CD51-F3EF-49FE-80FF-1E9BE273DB94}.Release|Any CPU.Build.0 = Release|Any CPU
	EndGlobalSection
	GlobalSection(SolutionProperties) = preSolution
		HideSolutionNode = FALSE
	EndGlobalSection
	GlobalSection(ExtensibilityGlobals) = postSolution
		SolutionGuid = {22D2134E-D1C9-46D9-84E5-C2F0B4DB9F7D}
	EndGlobalSection
EndGlobal
